{
  "name": "model-studio",
  "version": "0.1.0",
  "lockfileVersion": 3,
  "requires": true,
  "packages": {
    "": {
      "name": "model-studio",
      "version": "0.1.0",
      "workspaces": [
        "apps/*",
        "services/*",
        "packages/*"
      ],
      "devDependencies": {}
    },
    "apps/ai-advisor": {
      "name": "@sysml/ai-advisor",
      "version": "0.1.0"
    },
    "apps/diagram-canvas": {
      "name": "@sysml/diagram-canvas",
      "version": "0.1.0"
    },
    "apps/element-palette": {
      "name": "@sysml/element-palette",
      "version": "0.1.0"
    },
    "apps/import-export": {
      "name": "@sysml/import-export",
      "version": "0.1.0"
    },
    "apps/project-explorer": {
      "name": "@sysml/project-explorer",
      "version": "0.1.0"
    },
    "apps/shell": {
      "name": "@sysml/shell",
      "version": "0.1.0"
    },
    "node_modules/@sysml/ai-advisor": {
      "resolved": "apps/ai-advisor",
      "link": true
    },
    "node_modules/@sysml/ai-advisor-service": {
      "resolved": "services/ai-advisor-service",
      "link": true
    },
    "node_modules/@sysml/audit-history-service": {
      "resolved": "services/audit-history-service",
      "link": true
    },
    "node_modules/@sysml/dev-server": {
      "resolved": "services/dev-server",
      "link": true
    },
    "node_modules/@sysml/diagram-canvas": {
      "resolved": "apps/diagram-canvas",
      "link": true
    },
    "node_modules/@sysml/diagram-service": {
      "resolved": "services/diagram-service",
      "link": true
    },
    "node_modules/@sysml/element-palette": {
      "resolved": "apps/element-palette",
      "link": true
    },
    "node_modules/@sysml/export-service": {
      "resolved": "services/export-service",
      "link": true
    },
    "node_modules/@sysml/import-export": {
      "resolved": "apps/import-export",
      "link": true
    },
    "node_modules/@sysml/model-core": {
      "resolved": "packages/model-core",
      "link": true
    },
    "node_modules/@sysml/model-repository-service": {
      "resolved": "services/model-repository-service",
      "link": true
    },
    "node_modules/@sysml/project-explorer": {
      "resolved": "apps/project-explorer",
      "link": true
    },
    "node_modules/@sysml/project-service": {
      "resolved": "services/project-service",
      "link": true
    },
    "node_modules/@sysml/shared-types": {
      "resolved": "packages/shared-types",
      "link": true
    },
    "node_modules/@sysml/shell": {
      "resolved": "apps/shell",
      "link": true
    },
    "node_modules/@sysml/ui": {
      "resolved": "packages/ui",
      "link": true
    },
    "packages/model-core": {
      "name": "@sysml/model-core",
      "version": "0.1.0"
    },
    "packages/shared-types": {
      "name": "@sysml/shared-types",
      "version": "0.1.0"
    },
    "packages/ui": {
      "name": "@sysml/ui",
      "version": "0.1.0"
    },
    "services/ai-advisor-service": {
      "name": "@sysml/ai-advisor-service",
      "version": "0.1.0"
    },
    "services/audit-history-service": {
      "name": "@sysml/audit-history-service",
      "version": "0.1.0"
    },
    "services/dev-server": {
      "name": "@sysml/dev-server",
      "version": "0.1.0"
    },
    "services/diagram-service": {
      "name": "@sysml/diagram-service",
      "version": "0.1.0"
    },
    "services/export-service": {
      "name": "@sysml/export-service",
      "version": "0.1.0"
    },
    "services/model-repository-service": {
      "name": "@sysml/model-repository-service",
      "version": "0.1.0"
    },
    "services/project-service": {
      "name": "@sysml/project-service",
      "version": "0.1.0"
    }
  }
}
